
Microsoft Visual Studio Solution File, Format Version 12.00
# Visual Studio Version 17
VisualStudioVersion = 17.7.34009.444
MinimumVisualStudioVersion = 10.0.40219.1
Project("{9A19103F-16F7-4668-BE54-9A1E7A4F7556}") = "Inheritance", "Inheritance.csproj", "{965E99F7-11AD-45EE-98B8-3F158175F199}"
EndProject
Global
	GlobalSection(SolutionConfigurationPlatforms) = preSolution
		Debug|Any CPU = Debug|Any CPU
		Release|Any CPU = Release|Any CPU
	EndGlobalSection
	GlobalSection(ProjectConfigurationPlatforms) = postSolution
		{965E99F7-11AD-45EE-98B8-3F158175F199}.Debug|Any CPU.ActiveCfg = Debug|Any CPU
		{965E99F7-11AD-45EE-98B8-3F158175F199}.Debug|Any CPU.Build.0 = Debug|Any CPU
		{965E99F7-11AD-45EE-98B8-3F158175F199}.Release|Any CPU.ActiveCfg = Release|Any CPU
		{965E99F7-11AD-45EE-98B8-3F158175F199}.Release|Any CPU.Build.0 = Release|Any CPU
	EndGlobalSection
	GlobalSection(SolutionProperties) = preSolution
		HideSolutionNode = FALSE
	EndGlobalSection
	GlobalSection(ExtensibilityGlobals) = postSolution
		SolutionGuid = {3156C3E4-04D5-4353-8BB2-5AAC431E0077}
	EndGlobalSection
EndGlobal
